{
  "pins" : [
    {
      "identity" : "ihprogresshud",
      "kind" : "remoteSourceControl",
      "location" : "https://github.com/Swiftify-Corp/IHProgressHUD.git",
      "state" : {
        "revision" : "c3e0cf90ba1b310073e841de7dc6ef0a2d4899e2",
        "version" : "0.1.8"
      }
    },
    {
      "identity" : "kingfisher",
      "kind" : "remoteSourceControl",
      "location" : "https://github.com/onevcat/Kingfisher.git",
      "state" : {
        "revision" : "5b92f029fab2cce44386d28588098b5be0824ef5",
        "version" : "7.11.0"
      }
    }
  ],
  "version" : 2
}
